// !$*UTF8*$!
{
	archiveVersion = 1;
	classes = {
	};
	objectVersion = 46;
	objects = {

/* Begin PBXBuildFile section */
		7FAFB310F03E8CA85E4011E6 /* Pods_ios_examplesTests.framework in Frameworks */ = {isa = PBXBuildFile; fileRef = 289C7159C090AE0FD77BB6BB /* Pods_ios_examplesTests.framework */; };
		C0B4E2FBDB1E190DCA2EF4E6 /* Pods_ios_examples.framework in Frameworks */ = {isa = PBXBuildFile; fileRef = 1D0FCCAEA90EFE4881D8270F /* Pods_ios_examples.framework */; };
		D6135EFC608AAB4750C92970 /* Pods_ios_examplesUITests.framework in Frameworks */ = {isa = PBXBuildFile; fileRef = 919A7B17EB27B97F94BC8574 /* Pods_ios_examplesUITests.framework */; };
		F950A5C11D542A4200C57840 /* KeyHelper.swift in Sources */ = {isa = PBXBuildFile; fileRef = F950A5C01D542A4200C57840 /* KeyHelper.swift */; };
		F950A5C31D542CF900C57840 /* Keys.plist in Resources */ = {isa = PBXBuildFile; fileRef = F950A5C21D542CF900C57840 /* Keys.plist */; };
		F9B20AFD1D4E985D006CB81E /* AppDelegate.swift in Sources */ = {isa = PBXBuildFile; fileRef = F9B20AFC1D4E985D006CB81E /* AppDelegate.swift */; };
		F9B20B001D4E985D006CB81E /* ios_examples.xcdatamodeld in Sources */ = {isa = PBXBuildFile; fileRef = F9B20AFE1D4E985D006CB81E /* ios_examples.xcdatamodeld */; };
		F9B20B021D4E985D006CB81E /* MainViewController.swift in Sources */ = {isa = PBXBuildFile; fileRef = F9B20B011D4E985D006CB81E /* MainViewController.swift */; };
		F9B20B041D4E985D006CB81E /* HeartRateViewController.swift in Sources */ = {isa = PBXBuildFile; fileRef = F9B20B031D4E985D006CB81E /* HeartRateViewController.swift */; };
		F9B20B071D4E985D006CB81E /* Main.storyboard in Resources */ = {isa = PBXBuildFile; fileRef = F9B20B051D4E985D006CB81E /* Main.storyboard */; };
		F9B20B091D4E985D006CB81E /* Assets.xcassets in Resources */ = {isa = PBXBuildFile; fileRef = F9B20B081D4E985D006CB81E /* Assets.xcassets */; };
		F9B20B0C1D4E985D006CB81E /* LaunchScreen.storyboard in Resources */ = {isa = PBXBuildFile; fileRef = F9B20B0A1D4E985D006CB81E /* LaunchScreen.storyboard */; };
		F9B20B171D4E985D006CB81E /* ios_examplesTests.swift in Sources */ = {isa = PBXBuildFile; fileRef = F9B20B161D4E985D006CB81E /* ios_examplesTests.swift */; };
		F9B20B221D4E985D006CB81E /* ios_examplesUITests.swift in Sources */ = {isa = PBXBuildFile; fileRef = F9B20B211D4E985D006CB81E /* ios_examplesUITests.swift */; };
/* End PBXBuildFile section */

/* Begin PBXContainerItemProxy section */
		F9B20B131D4E985D006CB81E /* PBXContainerItemProxy */ = {
			isa = PBXContainerItemProxy;
			containerPortal = F9B20AF11D4E985D006CB81E /* Project object */;
			proxyType = 1;
			remoteGlobalIDString = F9B20AF81D4E985D006CB81E;
			remoteInfo = "ios-examples";
		};
		F9B20B1E1D4E985D006CB81E /* PBXContainerItemProxy */ = {
			isa = PBXContainerItemProxy;
			containerPortal = F9B20AF11D4E985D006CB81E /* Project object */;
			proxyType = 1;
			remoteGlobalIDString = F9B20AF81D4E985D006CB81E;
			remoteInfo = "ios-examples";
		};
/* End PBXContainerItemProxy section */

/* Begin PBXFileReference section */
		05AA44052F162E37C0644FDA /* Pods-ios-examplesTests.release.xcconfig */ = {isa = PBXFileReference; includeInIndex = 1; lastKnownFileType = text.xcconfig; name = "Pods-ios-examplesTests.release.xcconfig"; path = "Pods/Target Support Files/Pods-ios-examplesTests/Pods-ios-examplesTests.release.xcconfig"; sourceTree = "<group>"; };
		0A5114490359885C550FCA13 /* Pods-ios-examples.debug.xcconfig */ = {isa = PBXFileReference; includeInIndex = 1; lastKnownFileType = text.xcconfig; name = "Pods-ios-examples.debug.xcconfig"; path = "Pods/Target Support Files/Pods-ios-examples/Pods-ios-examples.debug.xcconfig"; sourceTree = "<group>"; };
		1D0FCCAEA90EFE4881D8270F /* Pods_ios_examples.framework */ = {isa = PBXFileReference; explicitFileType = wrapper.framework; includeInIndex = 0; path = Pods_ios_examples.framework; sourceTree = BUILT_PRODUCTS_DIR; };
		289C7159C090AE0FD77BB6BB /* Pods_ios_examplesTests.framework */ = {isa = PBXFileReference; explicitFileType = wrapper.framework; includeInIndex = 0; path = Pods_ios_examplesTests.framework; sourceTree = BUILT_PRODUCTS_DIR; };
		44177817C2C097907EDAA0A1 /* Pods-ios-examplesUITests.release.xcconfig */ = {isa = PBXFileReference; includeInIndex = 1; lastKnownFileType = text.xcconfig; name = "Pods-ios-examplesUITests.release.xcconfig"; path = "Pods/Target Support Files/Pods-ios-examplesUITests/Pods-ios-examplesUITests.release.xcconfig"; sourceTree = "<group>"; };
		53B68959BD8C5734EC1A697F /* Pods-ios-examples.release.xcconfig */ = {isa = PBXFileReference; includeInIndex = 1; lastKnownFileType = text.xcconfig; name = "Pods-ios-examples.release.xcconfig"; path = "Pods/Target Support Files/Pods-ios-examples/Pods-ios-examples.release.xcconfig"; sourceTree = "<group>"; };
		919A7B17EB27B97F94BC8574 /* Pods_ios_examplesUITests.framework */ = {isa = PBXFileReference; explicitFileType = wrapper.framework; includeInIndex = 0; path = Pods_ios_examplesUITests.framework; sourceTree = BUILT_PRODUCTS_DIR; };
		AF22457322FB7CE72FB0FDDB /* Pods-ios-examplesTests.debug.xcconfig */ = {isa = PBXFileReference; includeInIndex = 1; lastKnownFileType = text.xcconfig; name = "Pods-ios-examplesTests.debug.xcconfig"; path = "Pods/Target Support Files/Pods-ios-examplesTests/Pods-ios-examplesTests.debug.xcconfig"; sourceTree = "<group>"; };
		F950A5C01D542A4200C57840 /* KeyHelper.swift */ = {isa = PBXFileReference; fileEncoding = 4; lastKnownFileType = sourcecode.swift; path = KeyHelper.swift; sourceTree = "<group>"; };
		F950A5C21D542CF900C57840 /* Keys.plist */ = {isa = PBXFileReference; fileEncoding = 4; lastKnownFileType = text.plist.xml; path = Keys.plist; sourceTree = "<group>"; };
		F9B20AF91D4E985D006CB81E /* ios-examples.app */ = {isa = PBXFileReference; explicitFileType = wrapper.application; includeInIndex = 0; path = "ios-examples.app"; sourceTree = BUILT_PRODUCTS_DIR; };
		F9B20AFC1D4E985D006CB81E /* AppDelegate.swift */ = {isa = PBXFileReference; lastKnownFileType = sourcecode.swift; path = AppDelegate.swift; sourceTree = "<group>"; };
		F9B20AFF1D4E985D006CB81E /* ios_examples.xcdatamodel */ = {isa = PBXFileReference; lastKnownFileType = wrapper.xcdatamodel; path = ios_examples.xcdatamodel; sourceTree = "<group>"; };
		F9B20B011D4E985D006CB81E /* MainViewController.swift */ = {isa = PBXFileReference; lastKnownFileType = sourcecode.swift; path = MainViewController.swift; sourceTree = "<group>"; };
		F9B20B031D4E985D006CB81E /* HeartRateViewController.swift */ = {isa = PBXFileReference; lastKnownFileType = sourcecode.swift; path = HeartRateViewController.swift; sourceTree = "<group>"; };
		F9B20B061D4E985D006CB81E /* Base */ = {isa = PBXFileReference; lastKnownFileType = file.storyboard; name = Base; path = Base.lproj/Main.storyboard; sourceTree = "<group>"; };
		F9B20B081D4E985D006CB81E /* Assets.xcassets */ = {isa = PBXFileReference; lastKnownFileType = folder.assetcatalog; path = Assets.xcassets; sourceTree = "<group>"; };
		F9B20B0B1D4E985D006CB81E /* Base */ = {isa = PBXFileReference; lastKnownFileType = file.storyboard; name = Base; path = Base.lproj/LaunchScreen.storyboard; sourceTree = "<group>"; };
		F9B20B0D1D4E985D006CB81E /* Info.plist */ = {isa = PBXFileReference; lastKnownFileType = text.plist.xml; path = Info.plist; sourceTree = "<group>"; };
		F9B20B121D4E985D006CB81E /* ios-examplesTests.xctest */ = {isa = PBXFileReference; explicitFileType = wrapper.cfbundle; includeInIndex = 0; path = "ios-examplesTests.xctest"; sourceTree = BUILT_PRODUCTS_DIR; };
		F9B20B161D4E985D006CB81E /* ios_examplesTests.swift */ = {isa = PBXFileReference; lastKnownFileType = sourcecode.swift; path = ios_examplesTests.swift; sourceTree = "<group>"; };
		F9B20B181D4E985D006CB81E /* Info.plist */ = {isa = PBXFileReference; lastKnownFileType = text.plist.xml; path = Info.plist; sourceTree = "<group>"; };
		F9B20B1D1D4E985D006CB81E /* ios-examplesUITests.xctest */ = {isa = PBXFileReference; explicitFileType = wrapper.cfbundle; includeInIndex = 0; path = "ios-examplesUITests.xctest"; sourceTree = BUILT_PRODUCTS_DIR; };
		F9B20B211D4E985D006CB81E /* ios_examplesUITests.swift */ = {isa = PBXFileReference; lastKnownFileType = sourcecode.swift; path = ios_examplesUITests.swift; sourceTree = "<group>"; };
		F9B20B231D4E985D006CB81E /* Info.plist */ = {isa = PBXFileReference; lastKnownFileType = text.plist.xml; path = Info.plist; sourceTree = "<group>"; };
		FC326735ED0EF41A2F060CDE /* Pods-ios-examplesUITests.debug.xcconfig */ = {isa = PBXFileReference; includeInIndex = 1; lastKnownFileType = text.xcconfig; name = "Pods-ios-examplesUITests.debug.xcconfig"; path = "Pods/Target Support Files/Pods-ios-examplesUITests/Pods-ios-examplesUITests.debug.xcconfig"; sourceTree = "<group>"; };
/* End PBXFileReference section */

/* Begin PBXFrameworksBuildPhase section */
		F9B20AF61D4E985D006CB81E /* Frameworks */ = {
			isa = PBXFrameworksBuildPhase;
			buildActionMask = 2147483647;
			files = (
				C0B4E2FBDB1E190DCA2EF4E6 /* Pods_ios_examples.framework in Frameworks */,
			);
			runOnlyForDeploymentPostprocessing = 0;
		};
		F9B20B0F1D4E985D006CB81E /* Frameworks */ = {
			isa = PBXFrameworksBuildPhase;
			buildActionMask = 2147483647;
			files = (
				7FAFB310F03E8CA85E4011E6 /* Pods_ios_examplesTests.framework in Frameworks */,
			);
			runOnlyForDeploymentPostprocessing = 0;
		};
		F9B20B1A1D4E985D006CB81E /* Frameworks */ = {
			isa = PBXFrameworksBuildPhase;
			buildActionMask = 2147483647;
			files = (
				D6135EFC608AAB4750C92970 /* Pods_ios_examplesUITests.framework in Frameworks */,
			);
			runOnlyForDeploymentPostprocessing = 0;
		};
/* End PBXFrameworksBuildPhase section */

/* Begin PBXGroup section */
		1C376A6F14801400730BE96C /* Frameworks */ = {
			isa = PBXGroup;
			children = (
				1D0FCCAEA90EFE4881D8270F /* Pods_ios_examples.framework */,
				289C7159C090AE0FD77BB6BB /* Pods_ios_examplesTests.framework */,
				919A7B17EB27B97F94BC8574 /* Pods_ios_examplesUITests.framework */,
			);
			name = Frameworks;
			sourceTree = "<group>";
		};
		8F38301EC0DA5419DDF5B4C2 /* Pods */ = {
			isa = PBXGroup;
			children = (
				0A5114490359885C550FCA13 /* Pods-ios-examples.debug.xcconfig */,
				53B68959BD8C5734EC1A697F /* Pods-ios-examples.release.xcconfig */,
				AF22457322FB7CE72FB0FDDB /* Pods-ios-examplesTests.debug.xcconfig */,
				05AA44052F162E37C0644FDA /* Pods-ios-examplesTests.release.xcconfig */,
				FC326735ED0EF41A2F060CDE /* Pods-ios-examplesUITests.debug.xcconfig */,
				44177817C2C097907EDAA0A1 /* Pods-ios-examplesUITests.release.xcconfig */,
			);
			name = Pods;
			sourceTree = "<group>";
		};
		F94EA0941D4E9B0F0072243D /* Views */ = {
			isa = PBXGroup;
			children = (
				F9B20B0A1D4E985D006CB81E /* LaunchScreen.storyboard */,
				F9B20B051D4E985D006CB81E /* Main.storyboard */,
			);
			name = Views;
			sourceTree = "<group>";
		};
		F94EA0951D4E9B2F0072243D /* Supporting Files */ = {
			isa = PBXGroup;
			children = (
				F950A5C21D542CF900C57840 /* Keys.plist */,
				F9B20B081D4E985D006CB81E /* Assets.xcassets */,
				F9B20B0D1D4E985D006CB81E /* Info.plist */,
				F9B20AFE1D4E985D006CB81E /* ios_examples.xcdatamodeld */,
			);
			name = "Supporting Files";
			sourceTree = "<group>";
		};
		F94EA0961D4E9B4B0072243D /* Controllers */ = {
			isa = PBXGroup;
			children = (
				F9B20B031D4E985D006CB81E /* HeartRateViewController.swift */,
			);
			name = Controllers;
			sourceTree = "<group>";
		};
		F9B20AF01D4E985D006CB81E = {
			isa = PBXGroup;
			children = (
				F9B20AFB1D4E985D006CB81E /* ios-examples */,
				F9B20B151D4E985D006CB81E /* ios-examplesTests */,
				F9B20B201D4E985D006CB81E /* ios-examplesUITests */,
				F9B20AFA1D4E985D006CB81E /* Products */,
				8F38301EC0DA5419DDF5B4C2 /* Pods */,
				1C376A6F14801400730BE96C /* Frameworks */,
			);
			sourceTree = "<group>";
		};
		F9B20AFA1D4E985D006CB81E /* Products */ = {
			isa = PBXGroup;
			children = (
				F9B20AF91D4E985D006CB81E /* ios-examples.app */,
				F9B20B121D4E985D006CB81E /* ios-examplesTests.xctest */,
				F9B20B1D1D4E985D006CB81E /* ios-examplesUITests.xctest */,
			);
			name = Products;
			sourceTree = "<group>";
		};
		F9B20AFB1D4E985D006CB81E /* ios-examples */ = {
			isa = PBXGroup;
			children = (
				F9B20AFC1D4E985D006CB81E /* AppDelegate.swift */,
				F9B20B011D4E985D006CB81E /* MainViewController.swift */,
				F94EA0961D4E9B4B0072243D /* Controllers */,
				F94EA0941D4E9B0F0072243D /* Views */,
				F94EA0951D4E9B2F0072243D /* Supporting Files */,
				F950A5C01D542A4200C57840 /* KeyHelper.swift */,
			);
			path = "ios-examples";
			sourceTree = "<group>";
		};
		F9B20B151D4E985D006CB81E /* ios-examplesTests */ = {
			isa = PBXGroup;
			children = (
				F9B20B161D4E985D006CB81E /* ios_examplesTests.swift */,
				F9B20B181D4E985D006CB81E /* Info.plist */,
			);
			path = "ios-examplesTests";
			sourceTree = "<group>";
		};
		F9B20B201D4E985D006CB81E /* ios-examplesUITests */ = {
			isa = PBXGroup;
			children = (
				F9B20B211D4E985D006CB81E /* ios_examplesUITests.swift */,
				F9B20B231D4E985D006CB81E /* Info.plist */,
			);
			path = "ios-examplesUITests";
			sourceTree = "<group>";
		};
/* End PBXGroup section */

/* Begin PBXNativeTarget section */
		F9B20AF81D4E985D006CB81E /* ios-examples */ = {
			isa = PBXNativeTarget;
			buildConfigurationList = F9B20B261D4E985D006CB81E /* Build configuration list for PBXNativeTarget "ios-examples" */;
			buildPhases = (
				4ABA4438634235520FA5D7A8 /* [CP] Check Pods Manifest.lock */,
				F9B20AF51D4E985D006CB81E /* Sources */,
				F9B20AF61D4E985D006CB81E /* Frameworks */,
				F9B20AF71D4E985D006CB81E /* Resources */,
				3A79247F4E755784C8AEBABF /* [CP] Embed Pods Frameworks */,
				E7E6A737454164C9BB797C33 /* [CP] Copy Pods Resources */,
			);
			buildRules = (
			);
			dependencies = (
			);
			name = "ios-examples";
			productName = "ios-examples";
			productReference = F9B20AF91D4E985D006CB81E /* ios-examples.app */;
			productType = "com.apple.product-type.application";
		};
		F9B20B111D4E985D006CB81E /* ios-examplesTests */ = {
			isa = PBXNativeTarget;
			buildConfigurationList = F9B20B291D4E985D006CB81E /* Build configuration list for PBXNativeTarget "ios-examplesTests" */;
			buildPhases = (
				EA7EABE0A01DFF8B95B82175 /* [CP] Check Pods Manifest.lock */,
				F9B20B0E1D4E985D006CB81E /* Sources */,
				F9B20B0F1D4E985D006CB81E /* Frameworks */,
				F9B20B101D4E985D006CB81E /* Resources */,
				45A076DC94C82B9EBDC9A99B /* [CP] Embed Pods Frameworks */,
				3C1FE145EABE7C027B48FFE6 /* [CP] Copy Pods Resources */,
			);
			buildRules = (
			);
			dependencies = (
				F9B20B141D4E985D006CB81E /* PBXTargetDependency */,
			);
			name = "ios-examplesTests";
			productName = "ios-examplesTests";
			productReference = F9B20B121D4E985D006CB81E /* ios-examplesTests.xctest */;
			productType = "com.apple.product-type.bundle.unit-test";
		};
		F9B20B1C1D4E985D006CB81E /* ios-examplesUITests */ = {
			isa = PBXNativeTarget;
			buildConfigurationList = F9B20B2C1D4E985D006CB81E /* Build configuration list for PBXNativeTarget "ios-examplesUITests" */;
			buildPhases = (
				BD8ECC85D5496A751A363975 /* [CP] Check Pods Manifest.lock */,
				F9B20B191D4E985D006CB81E /* Sources */,
				F9B20B1A1D4E985D006CB81E /* Frameworks */,
				F9B20B1B1D4E985D006CB81E /* Resources */,
				3981C34C0A2CED3601B28ED5 /* [CP] Copy Pods Resources */,
			);
			buildRules = (
			);
			dependencies = (
				F9B20B1F1D4E985D006CB81E /* PBXTargetDependency */,
			);
			name = "ios-examplesUITests";
			productName = "ios-examplesUITests";
			productReference = F9B20B1D1D4E985D006CB81E /* ios-examplesUITests.xctest */;
			productType = "com.apple.product-type.bundle.ui-testing";
		};
/* End PBXNativeTarget section */

/* Begin PBXProject section */
		F9B20AF11D4E985D006CB81E /* Project object */ = {
			isa = PBXProject;
			attributes = {
				LastSwiftUpdateCheck = 0730;
				LastUpgradeCheck = 0730;
				ORGANIZATIONNAME = "Yoeun Pen";
				TargetAttributes = {
					F9B20AF81D4E985D006CB81E = {
						CreatedOnToolsVersion = 7.3.1;
						DevelopmentTeam = VT76A86U3C;
					};
					F9B20B111D4E985D006CB81E = {
						CreatedOnToolsVersion = 7.3.1;
						DevelopmentTeam = VT76A86U3C;
						TestTargetID = F9B20AF81D4E985D006CB81E;
					};
					F9B20B1C1D4E985D006CB81E = {
						CreatedOnToolsVersion = 7.3.1;
						DevelopmentTeam = VT76A86U3C;
						TestTargetID = F9B20AF81D4E985D006CB81E;
					};
				};
			};
			buildConfigurationList = F9B20AF41D4E985D006CB81E /* Build configuration list for PBXProject "ios-examples" */;
			compatibilityVersion = "Xcode 3.2";
			developmentRegion = English;
			hasScannedForEncodings = 0;
			knownRegions = (
				en,
				Base,
			);
			mainGroup = F9B20AF01D4E985D006CB81E;
			productRefGroup = F9B20AFA1D4E985D006CB81E /* Products */;
			projectDirPath = "";
			projectRoot = "";
			targets = (
				F9B20AF81D4E985D006CB81E /* ios-examples */,
				F9B20B111D4E985D006CB81E /* ios-examplesTests */,
				F9B20B1C1D4E985D006CB81E /* ios-examplesUITests */,
			);
		};
/* End PBXProject section */

/* Begin PBXResourcesBuildPhase section */
		F9B20AF71D4E985D006CB81E /* Resources */ = {
			isa = PBXResourcesBuildPhase;
			buildActionMask = 2147483647;
			files = (
				F950A5C31D542CF900C57840 /* Keys.plist in Resources */,
				F9B20B0C1D4E985D006CB81E /* LaunchScreen.storyboard in Resources */,
				F9B20B091D4E985D006CB81E /* Assets.xcassets in Resources */,
				F9B20B071D4E985D006CB81E /* Main.storyboard in Resources */,
			);
			runOnlyForDeploymentPostprocessing = 0;
		};
		F9B20B101D4E985D006CB81E /* Resources */ = {
			isa = PBXResourcesBuildPhase;
			buildActionMask = 2147483647;
			files = (
			);
			runOnlyForDeploymentPostprocessing = 0;
		};
		F9B20B1B1D4E985D006CB81E /* Resources */ = {
			isa = PBXResourcesBuildPhase;
			buildActionMask = 2147483647;
			files = (
			);
			runOnlyForDeploymentPostprocessing = 0;
		};
/* End PBXResourcesBuildPhase section */

/* Begin PBXShellScriptBuildPhase section */
		3981C34C0A2CED3601B28ED5 /* [CP] Copy Pods Resources */ = {
			isa = PBXShellScriptBuildPhase;
			buildActionMask = 2147483647;
			files = (
			);
			inputPaths = (
			);
			name = "[CP] Copy Pods Resources";
			outputPaths = (
			);
			runOnlyForDeploymentPostprocessing = 0;
			shellPath = /bin/sh;
			shellScript = "\"${SRCROOT}/Pods/Target Support Files/Pods-ios-examplesUITests/Pods-ios-examplesUITests-resources.sh\"\n";
			showEnvVarsInLog = 0;
		};
		3A79247F4E755784C8AEBABF /* [CP] Embed Pods Frameworks */ = {
			isa = PBXShellScriptBuildPhase;
			buildActionMask = 2147483647;
			files = (
			);
			inputPaths = (
			);
			name = "[CP] Embed Pods Frameworks";
			outputPaths = (
			);
			runOnlyForDeploymentPostprocessing = 0;
			shellPath = /bin/sh;
			shellScript = "\"${SRCROOT}/Pods/Target Support Files/Pods-ios-examples/Pods-ios-examples-frameworks.sh\"\n";
			showEnvVarsInLog = 0;
		};
		3C1FE145EABE7C027B48FFE6 /* [CP] Copy Pods Resources */ = {
			isa = PBXShellScriptBuildPhase;
			buildActionMask = 2147483647;
			files = (
			);
			inputPaths = (
			);
			name = "[CP] Copy Pods Resources";
			outputPaths = (
			);
			runOnlyForDeploymentPostprocessing = 0;
			shellPath = /bin/sh;
			shellScript = "\"${SRCROOT}/Pods/Target Support Files/Pods-ios-examplesTests/Pods-ios-examplesTests-resources.sh\"\n";
			showEnvVarsInLog = 0;
		};
		45A076DC94C82B9EBDC9A99B /* [CP] Embed Pods Frameworks */ = {
			isa = PBXShellScriptBuildPhase;
			buildActionMask = 2147483647;
			files = (
			);
			inputPaths = (
			);
			name = "[CP] Embed Pods Frameworks";
			outputPaths = (
			);
			runOnlyForDeploymentPostprocessing = 0;
			shellPath = /bin/sh;
			shellScript = "\"${SRCROOT}/Pods/Target Support Files/Pods-ios-examplesTests/Pods-ios-examplesTests-frameworks.sh\"\n";
			showEnvVarsInLog = 0;
		};
		4ABA4438634235520FA5D7A8 /* [CP] Check Pods Manifest.lock */ = {
			isa = PBXShellScriptBuildPhase;
			buildActionMask = 2147483647;
			files = (
			);
			inputPaths = (
			);
			name = "[CP] Check Pods Manifest.lock";
			outputPaths = (
			);
			runOnlyForDeploymentPostprocessing = 0;
			shellPath = /bin/sh;
			shellScript = "diff \"${PODS_ROOT}/../Podfile.lock\" \"${PODS_ROOT}/Manifest.lock\" > /dev/null\nif [[ $? != 0 ]] ; then\n    cat << EOM\nerror: The sandbox is not in sync with the Podfile.lock. Run 'pod install' or update your CocoaPods installation.\nEOM\n    exit 1\nfi\n";
			showEnvVarsInLog = 0;
		};
		BD8ECC85D5496A751A363975 /* [CP] Check Pods Manifest.lock */ = {
			isa = PBXShellScriptBuildPhase;
			buildActionMask = 2147483647;
			files = (
			);
			inputPaths = (
			);
			name = "[CP] Check Pods Manifest.lock";
			outputPaths = (
			);
			runOnlyForDeploymentPostprocessing = 0;
			shellPath = /bin/sh;
			shellScript = "diff \"${PODS_ROOT}/../Podfile.lock\" \"${PODS_ROOT}/Manifest.lock\" > /dev/null\nif [[ $? != 0 ]] ; then\n    cat << EOM\nerror: The sandbox is not in sync with the Podfile.lock. Run 'pod install' or update your CocoaPods installation.\nEOM\n    exit 1\nfi\n";
			showEnvVarsInLog = 0;
		};
		E7E6A737454164C9BB797C33 /* [CP] Copy Pods Resources */ = {
			isa = PBXShellScriptBuildPhase;
			buildActionMask = 2147483647;
			files = (
			);
			inputPaths = (
			);
			name = "[CP] Copy Pods Resources";
			outputPaths = (
			);
			runOnlyForDeploymentPostprocessing = 0;
			shellPath = /bin/sh;
			shellScript = "\"${SRCROOT}/Pods/Target Support Files/Pods-ios-examples/Pods-ios-examples-resources.sh\"\n";
			showEnvVarsInLog = 0;
		};
		EA7EABE0A01DFF8B95B82175 /* [CP] Check Pods Manifest.lock */ = {
			isa = PBXShellScriptBuildPhase;
			buildActionMask = 2147483647;
			files = (
			);
			inputPaths = (
			);
			name = "[CP] Check Pods Manifest.lock";
			outputPaths = (
			);
			runOnlyForDeploymentPostprocessing = 0;
			shellPath = /bin/sh;
			shellScript = "diff \"${PODS_ROOT}/../Podfile.lock\" \"${PODS_ROOT}/Manifest.lock\" > /dev/null\nif [[ $? != 0 ]] ; then\n    cat << EOM\nerror: The sandbox is not in sync with the Podfile.lock. Run 'pod install' or update your CocoaPods installation.\nEOM\n    exit 1\nfi\n";
			showEnvVarsInLog = 0;
		};
/* End PBXShellScriptBuildPhase section */

/* Begin PBXSourcesBuildPhase section */
		F9B20AF51D4E985D006CB81E /* Sources */ = {
			isa = PBXSourcesBuildPhase;
			buildActionMask = 2147483647;
			files = (
				F9B20B001D4E985D006CB81E /* ios_examples.xcdatamodeld in Sources */,
				F950A5C11D542A4200C57840 /* KeyHelper.swift in Sources */,
				F9B20AFD1D4E985D006CB81E /* AppDelegate.swift in Sources */,
				F9B20B021D4E985D006CB81E /* MainViewController.swift in Sources */,
				F9B20B041D4E985D006CB81E /* HeartRateViewController.swift in Sources */,
			);
			runOnlyForDeploymentPostprocessing = 0;
		};
		F9B20B0E1D4E985D006CB81E /* Sources */ = {
			isa = PBXSourcesBuildPhase;
			buildActionMask = 2147483647;
			files = (
				F9B20B171D4E985D006CB81E /* ios_examplesTests.swift in Sources */,
			);
			runOnlyForDeploymentPostprocessing = 0;
		};
		F9B20B191D4E985D006CB81E /* Sources */ = {
			isa = PBXSourcesBuildPhase;
			buildActionMask = 2147483647;
			files = (
				F9B20B221D4E985D006CB81E /* ios_examplesUITests.swift in Sources */,
			);
			runOnlyForDeploymentPostprocessing = 0;
		};
/* End PBXSourcesBuildPhase section */

/* Begin PBXTargetDependency section */
		F9B20B141D4E985D006CB81E /* PBXTargetDependency */ = {
			isa = PBXTargetDependency;
			target = F9B20AF81D4E985D006CB81E /* ios-examples */;
			targetProxy = F9B20B131D4E985D006CB81E /* PBXContainerItemProxy */;
		};
		F9B20B1F1D4E985D006CB81E /* PBXTargetDependency */ = {
			isa = PBXTargetDependency;
			target = F9B20AF81D4E985D006CB81E /* ios-examples */;
			targetProxy = F9B20B1E1D4E985D006CB81E /* PBXContainerItemProxy */;
		};
/* End PBXTargetDependency section */

/* Begin PBXVariantGroup section */
		F9B20B051D4E985D006CB81E /* Main.storyboard */ = {
			isa = PBXVariantGroup;
			children = (
				F9B20B061D4E985D006CB81E /* Base */,
			);
			name = Main.storyboard;
			sourceTree = "<group>";
		};
		F9B20B0A1D4E985D006CB81E /* LaunchScreen.storyboard */ = {
			isa = PBXVariantGroup;
			children = (
				F9B20B0B1D4E985D006CB81E /* Base */,
			);
			name = LaunchScreen.storyboard;
			sourceTree = "<group>";
		};
/* End PBXVariantGroup section */

/* Begin XCBuildConfiguration section */
		F9B20B241D4E985D006CB81E /* Debug */ = {
			isa = XCBuildConfiguration;
			buildSettings = {
				ALWAYS_SEARCH_USER_PATHS = NO;
				CLANG_ANALYZER_NONNULL = YES;
				CLANG_CXX_LANGUAGE_STANDARD = "gnu++0x";
				CLANG_CXX_LIBRARY = "libc++";
				CLANG_ENABLE_MODULES = YES;
				CLANG_ENABLE_OBJC_ARC = YES;
				CLANG_WARN_BOOL_CONVERSION = YES;
				CLANG_WARN_CONSTANT_CONVERSION = YES;
				CLANG_WARN_DIRECT_OBJC_ISA_USAGE = YES_ERROR;
				CLANG_WARN_EMPTY_BODY = YES;
				CLANG_WARN_ENUM_CONVERSION = YES;
				CLANG_WARN_INT_CONVERSION = YES;
				CLANG_WARN_OBJC_ROOT_CLASS = YES_ERROR;
				CLANG_WARN_UNREACHABLE_CODE = YES;
				CLANG_WARN__DUPLICATE_METHOD_MATCH = YES;
				"CODE_SIGN_IDENTITY[sdk=iphoneos*]" = "iPhone Developer";
				COPY_PHASE_STRIP = NO;
				DEBUG_INFORMATION_FORMAT = dwarf;
				ENABLE_STRICT_OBJC_MSGSEND = YES;
				ENABLE_TESTABILITY = YES;
				GCC_C_LANGUAGE_STANDARD = gnu99;
				GCC_DYNAMIC_NO_PIC = NO;
				GCC_NO_COMMON_BLOCKS = YES;
				GCC_OPTIMIZATION_LEVEL = 0;
				GCC_PREPROCESSOR_DEFINITIONS = (
					"DEBUG=1",
					"$(inherited)",
				);
				GCC_WARN_64_TO_32_BIT_CONVERSION = YES;
				GCC_WARN_ABOUT_RETURN_TYPE = YES_ERROR;
				GCC_WARN_UNDECLARED_SELECTOR = YES;
				GCC_WARN_UNINITIALIZED_AUTOS = YES_AGGRESSIVE;
				GCC_WARN_UNUSED_FUNCTION = YES;
				GCC_WARN_UNUSED_VARIABLE = YES;
				IPHONEOS_DEPLOYMENT_TARGET = 9.3;
				MTL_ENABLE_DEBUG_INFO = YES;
				ONLY_ACTIVE_ARCH = YES;
				SDKROOT = iphoneos;
				SWIFT_OPTIMIZATION_LEVEL = "-Onone";
			};
			name = Debug;
		};
		F9B20B251D4E985D006CB81E /* Release */ = {
			isa = XCBuildConfiguration;
			buildSettings = {
				ALWAYS_SEARCH_USER_PATHS = NO;
				CLANG_ANALYZER_NONNULL = YES;
				CLANG_CXX_LANGUAGE_STANDARD = "gnu++0x";
				CLANG_CXX_LIBRARY = "libc++";
				CLANG_ENABLE_MODULES = YES;
				CLANG_ENABLE_OBJC_ARC = YES;
				CLANG_WARN_BOOL_CONVERSION = YES;
				CLANG_WARN_CONSTANT_CONVERSION = YES;
				CLANG_WARN_DIRECT_OBJC_ISA_USAGE = YES_ERROR;
				CLANG_WARN_EMPTY_BODY = YES;
				CLANG_WARN_ENUM_CONVERSION = YES;
				CLANG_WARN_INT_CONVERSION = YES;
				CLANG_WARN_OBJC_ROOT_CLASS = YES_ERROR;
				CLANG_WARN_UNREACHABLE_CODE = YES;
				CLANG_WARN__DUPLICATE_METHOD_MATCH = YES;
				"CODE_SIGN_IDENTITY[sdk=iphoneos*]" = "iPhone Developer";
				COPY_PHASE_STRIP = NO;
				DEBUG_INFORMATION_FORMAT = "dwarf-with-dsym";
				ENABLE_NS_ASSERTIONS = NO;
				ENABLE_STRICT_OBJC_MSGSEND = YES;
				GCC_C_LANGUAGE_STANDARD = gnu99;
				GCC_NO_COMMON_BLOCKS = YES;
				GCC_WARN_64_TO_32_BIT_CONVERSION = YES;
				GCC_WARN_ABOUT_RETURN_TYPE = YES_ERROR;
				GCC_WARN_UNDECLARED_SELECTOR = YES;
				GCC_WARN_UNINITIALIZED_AUTOS = YES_AGGRESSIVE;
				GCC_WARN_UNUSED_FUNCTION = YES;
				GCC_WARN_UNUSED_VARIABLE = YES;
				IPHONEOS_DEPLOYMENT_TARGET = 9.3;
				MTL_ENABLE_DEBUG_INFO = NO;
				SDKROOT = iphoneos;
				VALIDATE_PRODUCT = YES;
			};
			name = Release;
		};
		F9B20B271D4E985D006CB81E /* Debug */ = {
			isa = XCBuildConfiguration;
			baseConfigurationReference = 0A5114490359885C550FCA13 /* Pods-ios-examples.debug.xcconfig */;
			buildSettings = {
				ASSETCATALOG_COMPILER_APPICON_NAME = AppIcon;
				CODE_SIGN_IDENTITY = "iPhone Developer";
				"CODE_SIGN_IDENTITY[sdk=iphoneos*]" = "iPhone Developer";
				INFOPLIST_FILE = "ios-examples/Info.plist";
				LD_RUNPATH_SEARCH_PATHS = "$(inherited) @executable_path/Frameworks";
				PRODUCT_BUNDLE_IDENTIFIER = "com.yoeunpen.ios-examples";
				PRODUCT_NAME = "$(TARGET_NAME)";
				PROVISIONING_PROFILE = "";
				TARGETED_DEVICE_FAMILY = "1,2";
			};
			name = Debug;
		};
		F9B20B281D4E985D006CB81E /* Release */ = {
			isa = XCBuildConfiguration;
			baseConfigurationReference = 53B68959BD8C5734EC1A697F /* Pods-ios-examples.release.xcconfig */;
			buildSettings = {
				ASSETCATALOG_COMPILER_APPICON_NAME = AppIcon;
				CODE_SIGN_IDENTITY = "iPhone Developer";
				"CODE_SIGN_IDENTITY[sdk=iphoneos*]" = "iPhone Developer";
				INFOPLIST_FILE = "ios-examples/Info.plist";
				LD_RUNPATH_SEARCH_PATHS = "$(inherited) @executable_path/Frameworks";
				PRODUCT_BUNDLE_IDENTIFIER = "com.yoeunpen.ios-examples";
				PRODUCT_NAME = "$(TARGET_NAME)";
				PROVISIONING_PROFILE = "";
				TARGETED_DEVICE_FAMILY = "1,2";
			};
			name = Release;
		};
		F9B20B2A1D4E985D006CB81E /* Debug */ = {
			isa = XCBuildConfiguration;
			baseConfigurationReference = AF22457322FB7CE72FB0FDDB /* Pods-ios-examplesTests.debug.xcconfig */;
			buildSettings = {
				BUNDLE_LOADER = "$(TEST_HOST)";
				INFOPLIST_FILE = "ios-examplesTests/Info.plist";
				LD_RUNPATH_SEARCH_PATHS = "$(inherited) @executable_path/Frameworks @loader_path/Frameworks";
				PRODUCT_BUNDLE_IDENTIFIER = "com.yoeunpen.ios-examplesTests";
				PRODUCT_NAME = "$(TARGET_NAME)";
				TEST_HOST = "$(BUILT_PRODUCTS_DIR)/ios-examples.app/ios-examples";
			};
			name = Debug;
		};
		F9B20B2B1D4E985D006CB81E /* Release */ = {
			isa = XCBuildConfiguration;
			baseConfigurationReference = 05AA44052F162E37C0644FDA /* Pods-ios-examplesTests.release.xcconfig */;
			buildSettings = {
				BUNDLE_LOADER = "$(TEST_HOST)";
				INFOPLIST_FILE = "ios-examplesTests/Info.plist";
				LD_RUNPATH_SEARCH_PATHS = "$(inherited) @executable_path/Frameworks @loader_path/Frameworks";
				PRODUCT_BUNDLE_IDENTIFIER = "com.yoeunpen.ios-examplesTests";
				PRODUCT_NAME = "$(TARGET_NAME)";
				TEST_HOST = "$(BUILT_PRODUCTS_DIR)/ios-examples.app/ios-examples";
			};
			name = Release;
		};
		F9B20B2D1D4E985D006CB81E /* Debug */ = {
			isa = XCBuildConfiguration;
			baseConfigurationReference = FC326735ED0EF41A2F060CDE /* Pods-ios-examplesUITests.debug.xcconfig */;
			buildSettings = {
				INFOPLIST_FILE = "ios-examplesUITests/Info.plist";
				LD_RUNPATH_SEARCH_PATHS = "$(inherited) @executable_path/Frameworks @loader_path/Frameworks";
				PRODUCT_BUNDLE_IDENTIFIER = "com.yoeunpen.ios-examplesUITests";
				PRODUCT_NAME = "$(TARGET_NAME)";
				TEST_TARGET_NAME = "ios-examples";
			};
			name = Debug;
		};
		F9B20B2E1D4E985D006CB81E /* Release */ = {
			isa = XCBuildConfiguration;
			baseConfigurationReference = 44177817C2C097907EDAA0A1 /* Pods-ios-examplesUITests.release.xcconfig */;
			buildSettings = {
				INFOPLIST_FILE = "ios-examplesUITests/Info.plist";
				LD_RUNPATH_SEARCH_PATHS = "$(inherited) @executable_path/Frameworks @loader_path/Frameworks";
				PRODUCT_BUNDLE_IDENTIFIER = "com.yoeunpen.ios-examplesUITests";
				PRODUCT_NAME = "$(TARGET_NAME)";
				TEST_TARGET_NAME = "ios-examples";
			};
			name = Release;
		};
/* End XCBuildConfiguration section */

/* Begin XCConfigurationList section */
		F9B20AF41D4E985D006CB81E /* Build configuration list for PBXProject "ios-examples" */ = {
			isa = XCConfigurationList;
			buildConfigurations = (
				F9B20B241D4E985D006CB81E /* Debug */,
				F9B20B251D4E985D006CB81E /* Release */,
			);
			defaultConfigurationIsVisible = 0;
			defaultConfigurationName = Release;
		};
		F9B20B261D4E985D006CB81E /* Build configuration list for PBXNativeTarget "ios-examples" */ = {
			isa = XCConfigurationList;
			buildConfigurations = (
				F9B20B271D4E985D006CB81E /* Debug */,
				F9B20B281D4E985D006CB81E /* Release */,
			);
			defaultConfigurationIsVisible = 0;
			defaultConfigurationName = Release;
		};
		F9B20B291D4E985D006CB81E /* Build configuration list for PBXNativeTarget "ios-examplesTests" */ = {
			isa = XCConfigurationList;
			buildConfigurations = (
				F9B20B2A1D4E985D006CB81E /* Debug */,
				F9B20B2B1D4E985D006CB81E /* Release */,
			);
			defaultConfigurationIsVisible = 0;
			defaultConfigurationName = Release;
		};
		F9B20B2C1D4E985D006CB81E /* Build configuration list for PBXNativeTarget "ios-examplesUITests" */ = {
			isa = XCConfigurationList;
			buildConfigurations = (
				F9B20B2D1D4E985D006CB81E /* Debug */,
				F9B20B2E1D4E985D006CB81E /* Release */,
			);
			defaultConfigurationIsVisible = 0;
			defaultConfigurationName = Release;
		};
/* End XCConfigurationList section */

/* Begin XCVersionGroup section */
		F9B20AFE1D4E985D006CB81E /* ios_examples.xcdatamodeld */ = {
			isa = XCVersionGroup;
			children = (
				F9B20AFF1D4E985D006CB81E /* ios_examples.xcdatamodel */,
			);
			currentVersion = F9B20AFF1D4E985D006CB81E /* ios_examples.xcdatamodel */;
			path = ios_examples.xcdatamodeld;
			sourceTree = "<group>";
			versionGroupType = wrapper.xcdatamodel;
		};
/* End XCVersionGroup section */
	};
	rootObject = F9B20AF11D4E985D006CB81E /* Project object */;
}
