// !$*UTF8*$!
{
	archiveVersion = 1;
	classes = {
	};
	objectVersion = 46;
	objects = {

/* Begin PBXBuildFile section */
		F9B20AFD1D4E985D006CB81E /* AppDelegate.swift in Sources */ = {isa = PBXBuildFile; fileRef = F9B20AFC1D4E985D006CB81E /* AppDelegate.swift */; };
		F9B20B001D4E985D006CB81E /* ios_experiments.xcdatamodeld in Sources */ = {isa = PBXBuildFile; fileRef = F9B20AFE1D4E985D006CB81E /* ios_experiments.xcdatamodeld */; };
		F9B20B021D4E985D006CB81E /* MainViewController.swift in Sources */ = {isa = PBXBuildFile; fileRef = F9B20B011D4E985D006CB81E /* MainViewController.swift */; };
		F9B20B041D4E985D006CB81E /* HeartRateViewController.swift in Sources */ = {isa = PBXBuildFile; fileRef = F9B20B031D4E985D006CB81E /* HeartRateViewController.swift */; };
		F9B20B071D4E985D006CB81E /* Main.storyboard in Resources */ = {isa = PBXBuildFile; fileRef = F9B20B051D4E985D006CB81E /* Main.storyboard */; };
		F9B20B091D4E985D006CB81E /* Assets.xcassets in Resources */ = {isa = PBXBuildFile; fileRef = F9B20B081D4E985D006CB81E /* Assets.xcassets */; };
		F9B20B0C1D4E985D006CB81E /* LaunchScreen.storyboard in Resources */ = {isa = PBXBuildFile; fileRef = F9B20B0A1D4E985D006CB81E /* LaunchScreen.storyboard */; };
		F9B20B171D4E985D006CB81E /* ios_experimentsTests.swift in Sources */ = {isa = PBXBuildFile; fileRef = F9B20B161D4E985D006CB81E /* ios_experimentsTests.swift */; };
		F9B20B221D4E985D006CB81E /* ios_experimentsUITests.swift in Sources */ = {isa = PBXBuildFile; fileRef = F9B20B211D4E985D006CB81E /* ios_experimentsUITests.swift */; };
/* End PBXBuildFile section */

/* Begin PBXContainerItemProxy section */
		F9B20B131D4E985D006CB81E /* PBXContainerItemProxy */ = {
			isa = PBXContainerItemProxy;
			containerPortal = F9B20AF11D4E985D006CB81E /* Project object */;
			proxyType = 1;
			remoteGlobalIDString = F9B20AF81D4E985D006CB81E;
			remoteInfo = "ios-experiments";
		};
		F9B20B1E1D4E985D006CB81E /* PBXContainerItemProxy */ = {
			isa = PBXContainerItemProxy;
			containerPortal = F9B20AF11D4E985D006CB81E /* Project object */;
			proxyType = 1;
			remoteGlobalIDString = F9B20AF81D4E985D006CB81E;
			remoteInfo = "ios-experiments";
		};
/* End PBXContainerItemProxy section */

/* Begin PBXFileReference section */
		F9B20AF91D4E985D006CB81E /* ios-experiments.app */ = {isa = PBXFileReference; explicitFileType = wrapper.application; includeInIndex = 0; path = "ios-experiments.app"; sourceTree = BUILT_PRODUCTS_DIR; };
		F9B20AFC1D4E985D006CB81E /* AppDelegate.swift */ = {isa = PBXFileReference; lastKnownFileType = sourcecode.swift; path = AppDelegate.swift; sourceTree = "<group>"; };
		F9B20AFF1D4E985D006CB81E /* ios_experiments.xcdatamodel */ = {isa = PBXFileReference; lastKnownFileType = wrapper.xcdatamodel; path = ios_experiments.xcdatamodel; sourceTree = "<group>"; };
		F9B20B011D4E985D006CB81E /* MainViewController.swift */ = {isa = PBXFileReference; lastKnownFileType = sourcecode.swift; path = MainViewController.swift; sourceTree = "<group>"; };
		F9B20B031D4E985D006CB81E /* HeartRateViewController.swift */ = {isa = PBXFileReference; lastKnownFileType = sourcecode.swift; path = HeartRateViewController.swift; sourceTree = "<group>"; };
		F9B20B061D4E985D006CB81E /* Base */ = {isa = PBXFileReference; lastKnownFileType = file.storyboard; name = Base; path = Base.lproj/Main.storyboard; sourceTree = "<group>"; };
		F9B20B081D4E985D006CB81E /* Assets.xcassets */ = {isa = PBXFileReference; lastKnownFileType = folder.assetcatalog; path = Assets.xcassets; sourceTree = "<group>"; };
		F9B20B0B1D4E985D006CB81E /* Base */ = {isa = PBXFileReference; lastKnownFileType = file.storyboard; name = Base; path = Base.lproj/LaunchScreen.storyboard; sourceTree = "<group>"; };
		F9B20B0D1D4E985D006CB81E /* Info.plist */ = {isa = PBXFileReference; lastKnownFileType = text.plist.xml; path = Info.plist; sourceTree = "<group>"; };
		F9B20B121D4E985D006CB81E /* ios-experimentsTests.xctest */ = {isa = PBXFileReference; explicitFileType = wrapper.cfbundle; includeInIndex = 0; path = "ios-experimentsTests.xctest"; sourceTree = BUILT_PRODUCTS_DIR; };
		F9B20B161D4E985D006CB81E /* ios_experimentsTests.swift */ = {isa = PBXFileReference; lastKnownFileType = sourcecode.swift; path = ios_experimentsTests.swift; sourceTree = "<group>"; };
		F9B20B181D4E985D006CB81E /* Info.plist */ = {isa = PBXFileReference; lastKnownFileType = text.plist.xml; path = Info.plist; sourceTree = "<group>"; };
		F9B20B1D1D4E985D006CB81E /* ios-experimentsUITests.xctest */ = {isa = PBXFileReference; explicitFileType = wrapper.cfbundle; includeInIndex = 0; path = "ios-experimentsUITests.xctest"; sourceTree = BUILT_PRODUCTS_DIR; };
		F9B20B211D4E985D006CB81E /* ios_experimentsUITests.swift */ = {isa = PBXFileReference; lastKnownFileType = sourcecode.swift; path = ios_experimentsUITests.swift; sourceTree = "<group>"; };
		F9B20B231D4E985D006CB81E /* Info.plist */ = {isa = PBXFileReference; lastKnownFileType = text.plist.xml; path = Info.plist; sourceTree = "<group>"; };
/* End PBXFileReference section */

/* Begin PBXFrameworksBuildPhase section */
		F9B20AF61D4E985D006CB81E /* Frameworks */ = {
			isa = PBXFrameworksBuildPhase;
			buildActionMask = 2147483647;
			files = (
			);
			runOnlyForDeploymentPostprocessing = 0;
		};
		F9B20B0F1D4E985D006CB81E /* Frameworks */ = {
			isa = PBXFrameworksBuildPhase;
			buildActionMask = 2147483647;
			files = (
			);
			runOnlyForDeploymentPostprocessing = 0;
		};
		F9B20B1A1D4E985D006CB81E /* Frameworks */ = {
			isa = PBXFrameworksBuildPhase;
			buildActionMask = 2147483647;
			files = (
			);
			runOnlyForDeploymentPostprocessing = 0;
		};
/* End PBXFrameworksBuildPhase section */

/* Begin PBXGroup section */
		F94EA0941D4E9B0F0072243D /* Views */ = {
			isa = PBXGroup;
			children = (
				F9B20B0A1D4E985D006CB81E /* LaunchScreen.storyboard */,
				F9B20B051D4E985D006CB81E /* Main.storyboard */,
			);
			name = Views;
			sourceTree = "<group>";
		};
		F94EA0951D4E9B2F0072243D /* Supporting Files */ = {
			isa = PBXGroup;
			children = (
				F9B20B081D4E985D006CB81E /* Assets.xcassets */,
				F9B20B0D1D4E985D006CB81E /* Info.plist */,
				F9B20AFE1D4E985D006CB81E /* ios_experiments.xcdatamodeld */,
			);
			name = "Supporting Files";
			sourceTree = "<group>";
		};
		F94EA0961D4E9B4B0072243D /* Controllers */ = {
			isa = PBXGroup;
			children = (
				F9B20B031D4E985D006CB81E /* HeartRateViewController.swift */,
			);
			name = Controllers;
			sourceTree = "<group>";
		};
		F9B20AF01D4E985D006CB81E = {
			isa = PBXGroup;
			children = (
				F9B20AFB1D4E985D006CB81E /* ios-experiments */,
				F9B20B151D4E985D006CB81E /* ios-experimentsTests */,
				F9B20B201D4E985D006CB81E /* ios-experimentsUITests */,
				F9B20AFA1D4E985D006CB81E /* Products */,
			);
			sourceTree = "<group>";
		};
		F9B20AFA1D4E985D006CB81E /* Products */ = {
			isa = PBXGroup;
			children = (
				F9B20AF91D4E985D006CB81E /* ios-experiments.app */,
				F9B20B121D4E985D006CB81E /* ios-experimentsTests.xctest */,
				F9B20B1D1D4E985D006CB81E /* ios-experimentsUITests.xctest */,
			);
			name = Products;
			sourceTree = "<group>";
		};
		F9B20AFB1D4E985D006CB81E /* ios-experiments */ = {
			isa = PBXGroup;
			children = (
				F9B20AFC1D4E985D006CB81E /* AppDelegate.swift */,
				F9B20B011D4E985D006CB81E /* MainViewController.swift */,
				F94EA0961D4E9B4B0072243D /* Controllers */,
				F94EA0941D4E9B0F0072243D /* Views */,
				F94EA0951D4E9B2F0072243D /* Supporting Files */,
			);
			path = "ios-experiments";
			sourceTree = "<group>";
		};
		F9B20B151D4E985D006CB81E /* ios-experimentsTests */ = {
			isa = PBXGroup;
			children = (
				F9B20B161D4E985D006CB81E /* ios_experimentsTests.swift */,
				F9B20B181D4E985D006CB81E /* Info.plist */,
			);
			path = "ios-experimentsTests";
			sourceTree = "<group>";
		};
		F9B20B201D4E985D006CB81E /* ios-experimentsUITests */ = {
			isa = PBXGroup;
			children = (
				F9B20B211D4E985D006CB81E /* ios_experimentsUITests.swift */,
				F9B20B231D4E985D006CB81E /* Info.plist */,
			);
			path = "ios-experimentsUITests";
			sourceTree = "<group>";
		};
/* End PBXGroup section */

/* Begin PBXNativeTarget section */
		F9B20AF81D4E985D006CB81E /* ios-experiments */ = {
			isa = PBXNativeTarget;
			buildConfigurationList = F9B20B261D4E985D006CB81E /* Build configuration list for PBXNativeTarget "ios-experiments" */;
			buildPhases = (
				F9B20AF51D4E985D006CB81E /* Sources */,
				F9B20AF61D4E985D006CB81E /* Frameworks */,
				F9B20AF71D4E985D006CB81E /* Resources */,
			);
			buildRules = (
			);
			dependencies = (
			);
			name = "ios-experiments";
			productName = "ios-experiments";
			productReference = F9B20AF91D4E985D006CB81E /* ios-experiments.app */;
			productType = "com.apple.product-type.application";
		};
		F9B20B111D4E985D006CB81E /* ios-experimentsTests */ = {
			isa = PBXNativeTarget;
			buildConfigurationList = F9B20B291D4E985D006CB81E /* Build configuration list for PBXNativeTarget "ios-experimentsTests" */;
			buildPhases = (
				F9B20B0E1D4E985D006CB81E /* Sources */,
				F9B20B0F1D4E985D006CB81E /* Frameworks */,
				F9B20B101D4E985D006CB81E /* Resources */,
			);
			buildRules = (
			);
			dependencies = (
				F9B20B141D4E985D006CB81E /* PBXTargetDependency */,
			);
			name = "ios-experimentsTests";
			productName = "ios-experimentsTests";
			productReference = F9B20B121D4E985D006CB81E /* ios-experimentsTests.xctest */;
			productType = "com.apple.product-type.bundle.unit-test";
		};
		F9B20B1C1D4E985D006CB81E /* ios-experimentsUITests */ = {
			isa = PBXNativeTarget;
			buildConfigurationList = F9B20B2C1D4E985D006CB81E /* Build configuration list for PBXNativeTarget "ios-experimentsUITests" */;
			buildPhases = (
				F9B20B191D4E985D006CB81E /* Sources */,
				F9B20B1A1D4E985D006CB81E /* Frameworks */,
				F9B20B1B1D4E985D006CB81E /* Resources */,
			);
			buildRules = (
			);
			dependencies = (
				F9B20B1F1D4E985D006CB81E /* PBXTargetDependency */,
			);
			name = "ios-experimentsUITests";
			productName = "ios-experimentsUITests";
			productReference = F9B20B1D1D4E985D006CB81E /* ios-experimentsUITests.xctest */;
			productType = "com.apple.product-type.bundle.ui-testing";
		};
/* End PBXNativeTarget section */

/* Begin PBXProject section */
		F9B20AF11D4E985D006CB81E /* Project object */ = {
			isa = PBXProject;
			attributes = {
				LastSwiftUpdateCheck = 0730;
				LastUpgradeCheck = 0730;
				ORGANIZATIONNAME = "Yoeun Pen";
				TargetAttributes = {
					F9B20AF81D4E985D006CB81E = {
						CreatedOnToolsVersion = 7.3.1;
						DevelopmentTeam = VT76A86U3C;
					};
					F9B20B111D4E985D006CB81E = {
						CreatedOnToolsVersion = 7.3.1;
						DevelopmentTeam = VT76A86U3C;
						TestTargetID = F9B20AF81D4E985D006CB81E;
					};
					F9B20B1C1D4E985D006CB81E = {
						CreatedOnToolsVersion = 7.3.1;
						DevelopmentTeam = VT76A86U3C;
						TestTargetID = F9B20AF81D4E985D006CB81E;
					};
				};
			};
			buildConfigurationList = F9B20AF41D4E985D006CB81E /* Build configuration list for PBXProject "ios-experiments" */;
			compatibilityVersion = "Xcode 3.2";
			developmentRegion = English;
			hasScannedForEncodings = 0;
			knownRegions = (
				en,
				Base,
			);
			mainGroup = F9B20AF01D4E985D006CB81E;
			productRefGroup = F9B20AFA1D4E985D006CB81E /* Products */;
			projectDirPath = "";
			projectRoot = "";
			targets = (
				F9B20AF81D4E985D006CB81E /* ios-experiments */,
				F9B20B111D4E985D006CB81E /* ios-experimentsTests */,
				F9B20B1C1D4E985D006CB81E /* ios-experimentsUITests */,
			);
		};
/* End PBXProject section */

/* Begin PBXResourcesBuildPhase section */
		F9B20AF71D4E985D006CB81E /* Resources */ = {
			isa = PBXResourcesBuildPhase;
			buildActionMask = 2147483647;
			files = (
				F9B20B0C1D4E985D006CB81E /* LaunchScreen.storyboard in Resources */,
				F9B20B091D4E985D006CB81E /* Assets.xcassets in Resources */,
				F9B20B071D4E985D006CB81E /* Main.storyboard in Resources */,
			);
			runOnlyForDeploymentPostprocessing = 0;
		};
		F9B20B101D4E985D006CB81E /* Resources */ = {
			isa = PBXResourcesBuildPhase;
			buildActionMask = 2147483647;
			files = (
			);
			runOnlyForDeploymentPostprocessing = 0;
		};
		F9B20B1B1D4E985D006CB81E /* Resources */ = {
			isa = PBXResourcesBuildPhase;
			buildActionMask = 2147483647;
			files = (
			);
			runOnlyForDeploymentPostprocessing = 0;
		};
/* End PBXResourcesBuildPhase section */

/* Begin PBXSourcesBuildPhase section */
		F9B20AF51D4E985D006CB81E /* Sources */ = {
			isa = PBXSourcesBuildPhase;
			buildActionMask = 2147483647;
			files = (
				F9B20B001D4E985D006CB81E /* ios_experiments.xcdatamodeld in Sources */,
				F9B20AFD1D4E985D006CB81E /* AppDelegate.swift in Sources */,
				F9B20B021D4E985D006CB81E /* MainViewController.swift in Sources */,
				F9B20B041D4E985D006CB81E /* HeartRateViewController.swift in Sources */,
			);
			runOnlyForDeploymentPostprocessing = 0;
		};
		F9B20B0E1D4E985D006CB81E /* Sources */ = {
			isa = PBXSourcesBuildPhase;
			buildActionMask = 2147483647;
			files = (
				F9B20B171D4E985D006CB81E /* ios_experimentsTests.swift in Sources */,
			);
			runOnlyForDeploymentPostprocessing = 0;
		};
		F9B20B191D4E985D006CB81E /* Sources */ = {
			isa = PBXSourcesBuildPhase;
			buildActionMask = 2147483647;
			files = (
				F9B20B221D4E985D006CB81E /* ios_experimentsUITests.swift in Sources */,
			);
			runOnlyForDeploymentPostprocessing = 0;
		};
/* End PBXSourcesBuildPhase section */

/* Begin PBXTargetDependency section */
		F9B20B141D4E985D006CB81E /* PBXTargetDependency */ = {
			isa = PBXTargetDependency;
			target = F9B20AF81D4E985D006CB81E /* ios-experiments */;
			targetProxy = F9B20B131D4E985D006CB81E /* PBXContainerItemProxy */;
		};
		F9B20B1F1D4E985D006CB81E /* PBXTargetDependency */ = {
			isa = PBXTargetDependency;
			target = F9B20AF81D4E985D006CB81E /* ios-experiments */;
			targetProxy = F9B20B1E1D4E985D006CB81E /* PBXContainerItemProxy */;
		};
/* End PBXTargetDependency section */

/* Begin PBXVariantGroup section */
		F9B20B051D4E985D006CB81E /* Main.storyboard */ = {
			isa = PBXVariantGroup;
			children = (
				F9B20B061D4E985D006CB81E /* Base */,
			);
			name = Main.storyboard;
			sourceTree = "<group>";
		};
		F9B20B0A1D4E985D006CB81E /* LaunchScreen.storyboard */ = {
			isa = PBXVariantGroup;
			children = (
				F9B20B0B1D4E985D006CB81E /* Base */,
			);
			name = LaunchScreen.storyboard;
			sourceTree = "<group>";
		};
/* End PBXVariantGroup section */

/* Begin XCBuildConfiguration section */
		F9B20B241D4E985D006CB81E /* Debug */ = {
			isa = XCBuildConfiguration;
			buildSettings = {
				ALWAYS_SEARCH_USER_PATHS = NO;
				CLANG_ANALYZER_NONNULL = YES;
				CLANG_CXX_LANGUAGE_STANDARD = "gnu++0x";
				CLANG_CXX_LIBRARY = "libc++";
				CLANG_ENABLE_MODULES = YES;
				CLANG_ENABLE_OBJC_ARC = YES;
				CLANG_WARN_BOOL_CONVERSION = YES;
				CLANG_WARN_CONSTANT_CONVERSION = YES;
				CLANG_WARN_DIRECT_OBJC_ISA_USAGE = YES_ERROR;
				CLANG_WARN_EMPTY_BODY = YES;
				CLANG_WARN_ENUM_CONVERSION = YES;
				CLANG_WARN_INT_CONVERSION = YES;
				CLANG_WARN_OBJC_ROOT_CLASS = YES_ERROR;
				CLANG_WARN_UNREACHABLE_CODE = YES;
				CLANG_WARN__DUPLICATE_METHOD_MATCH = YES;
				"CODE_SIGN_IDENTITY[sdk=iphoneos*]" = "iPhone Developer";
				COPY_PHASE_STRIP = NO;
				DEBUG_INFORMATION_FORMAT = dwarf;
				ENABLE_STRICT_OBJC_MSGSEND = YES;
				ENABLE_TESTABILITY = YES;
				GCC_C_LANGUAGE_STANDARD = gnu99;
				GCC_DYNAMIC_NO_PIC = NO;
				GCC_NO_COMMON_BLOCKS = YES;
				GCC_OPTIMIZATION_LEVEL = 0;
				GCC_PREPROCESSOR_DEFINITIONS = (
					"DEBUG=1",
					"$(inherited)",
				);
				GCC_WARN_64_TO_32_BIT_CONVERSION = YES;
				GCC_WARN_ABOUT_RETURN_TYPE = YES_ERROR;
				GCC_WARN_UNDECLARED_SELECTOR = YES;
				GCC_WARN_UNINITIALIZED_AUTOS = YES_AGGRESSIVE;
				GCC_WARN_UNUSED_FUNCTION = YES;
				GCC_WARN_UNUSED_VARIABLE = YES;
				IPHONEOS_DEPLOYMENT_TARGET = 9.3;
				MTL_ENABLE_DEBUG_INFO = YES;
				ONLY_ACTIVE_ARCH = YES;
				SDKROOT = iphoneos;
				SWIFT_OPTIMIZATION_LEVEL = "-Onone";
			};
			name = Debug;
		};
		F9B20B251D4E985D006CB81E /* Release */ = {
			isa = XCBuildConfiguration;
			buildSettings = {
				ALWAYS_SEARCH_USER_PATHS = NO;
				CLANG_ANALYZER_NONNULL = YES;
				CLANG_CXX_LANGUAGE_STANDARD = "gnu++0x";
				CLANG_CXX_LIBRARY = "libc++";
				CLANG_ENABLE_MODULES = YES;
				CLANG_ENABLE_OBJC_ARC = YES;
				CLANG_WARN_BOOL_CONVERSION = YES;
				CLANG_WARN_CONSTANT_CONVERSION = YES;
				CLANG_WARN_DIRECT_OBJC_ISA_USAGE = YES_ERROR;
				CLANG_WARN_EMPTY_BODY = YES;
				CLANG_WARN_ENUM_CONVERSION = YES;
				CLANG_WARN_INT_CONVERSION = YES;
				CLANG_WARN_OBJC_ROOT_CLASS = YES_ERROR;
				CLANG_WARN_UNREACHABLE_CODE = YES;
				CLANG_WARN__DUPLICATE_METHOD_MATCH = YES;
				"CODE_SIGN_IDENTITY[sdk=iphoneos*]" = "iPhone Developer";
				COPY_PHASE_STRIP = NO;
				DEBUG_INFORMATION_FORMAT = "dwarf-with-dsym";
				ENABLE_NS_ASSERTIONS = NO;
				ENABLE_STRICT_OBJC_MSGSEND = YES;
				GCC_C_LANGUAGE_STANDARD = gnu99;
				GCC_NO_COMMON_BLOCKS = YES;
				GCC_WARN_64_TO_32_BIT_CONVERSION = YES;
				GCC_WARN_ABOUT_RETURN_TYPE = YES_ERROR;
				GCC_WARN_UNDECLARED_SELECTOR = YES;
				GCC_WARN_UNINITIALIZED_AUTOS = YES_AGGRESSIVE;
				GCC_WARN_UNUSED_FUNCTION = YES;
				GCC_WARN_UNUSED_VARIABLE = YES;
				IPHONEOS_DEPLOYMENT_TARGET = 9.3;
				MTL_ENABLE_DEBUG_INFO = NO;
				SDKROOT = iphoneos;
				VALIDATE_PRODUCT = YES;
			};
			name = Release;
		};
		F9B20B271D4E985D006CB81E /* Debug */ = {
			isa = XCBuildConfiguration;
			buildSettings = {
				ASSETCATALOG_COMPILER_APPICON_NAME = AppIcon;
				INFOPLIST_FILE = "ios-experiments/Info.plist";
				LD_RUNPATH_SEARCH_PATHS = "$(inherited) @executable_path/Frameworks";
				PRODUCT_BUNDLE_IDENTIFIER = "com.yoeunpen.ios-experiments";
				PRODUCT_NAME = "$(TARGET_NAME)";
			};
			name = Debug;
		};
		F9B20B281D4E985D006CB81E /* Release */ = {
			isa = XCBuildConfiguration;
			buildSettings = {
				ASSETCATALOG_COMPILER_APPICON_NAME = AppIcon;
				INFOPLIST_FILE = "ios-experiments/Info.plist";
				LD_RUNPATH_SEARCH_PATHS = "$(inherited) @executable_path/Frameworks";
				PRODUCT_BUNDLE_IDENTIFIER = "com.yoeunpen.ios-experiments";
				PRODUCT_NAME = "$(TARGET_NAME)";
			};
			name = Release;
		};
		F9B20B2A1D4E985D006CB81E /* Debug */ = {
			isa = XCBuildConfiguration;
			buildSettings = {
				BUNDLE_LOADER = "$(TEST_HOST)";
				INFOPLIST_FILE = "ios-experimentsTests/Info.plist";
				LD_RUNPATH_SEARCH_PATHS = "$(inherited) @executable_path/Frameworks @loader_path/Frameworks";
				PRODUCT_BUNDLE_IDENTIFIER = "com.yoeunpen.ios-experimentsTests";
				PRODUCT_NAME = "$(TARGET_NAME)";
				TEST_HOST = "$(BUILT_PRODUCTS_DIR)/ios-experiments.app/ios-experiments";
			};
			name = Debug;
		};
		F9B20B2B1D4E985D006CB81E /* Release */ = {
			isa = XCBuildConfiguration;
			buildSettings = {
				BUNDLE_LOADER = "$(TEST_HOST)";
				INFOPLIST_FILE = "ios-experimentsTests/Info.plist";
				LD_RUNPATH_SEARCH_PATHS = "$(inherited) @executable_path/Frameworks @loader_path/Frameworks";
				PRODUCT_BUNDLE_IDENTIFIER = "com.yoeunpen.ios-experimentsTests";
				PRODUCT_NAME = "$(TARGET_NAME)";
				TEST_HOST = "$(BUILT_PRODUCTS_DIR)/ios-experiments.app/ios-experiments";
			};
			name = Release;
		};
		F9B20B2D1D4E985D006CB81E /* Debug */ = {
			isa = XCBuildConfiguration;
			buildSettings = {
				INFOPLIST_FILE = "ios-experimentsUITests/Info.plist";
				LD_RUNPATH_SEARCH_PATHS = "$(inherited) @executable_path/Frameworks @loader_path/Frameworks";
				PRODUCT_BUNDLE_IDENTIFIER = "com.yoeunpen.ios-experimentsUITests";
				PRODUCT_NAME = "$(TARGET_NAME)";
				TEST_TARGET_NAME = "ios-experiments";
			};
			name = Debug;
		};
		F9B20B2E1D4E985D006CB81E /* Release */ = {
			isa = XCBuildConfiguration;
			buildSettings = {
				INFOPLIST_FILE = "ios-experimentsUITests/Info.plist";
				LD_RUNPATH_SEARCH_PATHS = "$(inherited) @executable_path/Frameworks @loader_path/Frameworks";
				PRODUCT_BUNDLE_IDENTIFIER = "com.yoeunpen.ios-experimentsUITests";
				PRODUCT_NAME = "$(TARGET_NAME)";
				TEST_TARGET_NAME = "ios-experiments";
			};
			name = Release;
		};
/* End XCBuildConfiguration section */

/* Begin XCConfigurationList section */
		F9B20AF41D4E985D006CB81E /* Build configuration list for PBXProject "ios-experiments" */ = {
			isa = XCConfigurationList;
			buildConfigurations = (
				F9B20B241D4E985D006CB81E /* Debug */,
				F9B20B251D4E985D006CB81E /* Release */,
			);
			defaultConfigurationIsVisible = 0;
			defaultConfigurationName = Release;
		};
		F9B20B261D4E985D006CB81E /* Build configuration list for PBXNativeTarget "ios-experiments" */ = {
			isa = XCConfigurationList;
			buildConfigurations = (
				F9B20B271D4E985D006CB81E /* Debug */,
				F9B20B281D4E985D006CB81E /* Release */,
			);
			defaultConfigurationIsVisible = 0;
			defaultConfigurationName = Release;
		};
		F9B20B291D4E985D006CB81E /* Build configuration list for PBXNativeTarget "ios-experimentsTests" */ = {
			isa = XCConfigurationList;
			buildConfigurations = (
				F9B20B2A1D4E985D006CB81E /* Debug */,
				F9B20B2B1D4E985D006CB81E /* Release */,
			);
			defaultConfigurationIsVisible = 0;
			defaultConfigurationName = Release;
		};
		F9B20B2C1D4E985D006CB81E /* Build configuration list for PBXNativeTarget "ios-experimentsUITests" */ = {
			isa = XCConfigurationList;
			buildConfigurations = (
				F9B20B2D1D4E985D006CB81E /* Debug */,
				F9B20B2E1D4E985D006CB81E /* Release */,
			);
			defaultConfigurationIsVisible = 0;
			defaultConfigurationName = Release;
		};
/* End XCConfigurationList section */

/* Begin XCVersionGroup section */
		F9B20AFE1D4E985D006CB81E /* ios_experiments.xcdatamodeld */ = {
			isa = XCVersionGroup;
			children = (
				F9B20AFF1D4E985D006CB81E /* ios_experiments.xcdatamodel */,
			);
			currentVersion = F9B20AFF1D4E985D006CB81E /* ios_experiments.xcdatamodel */;
			path = ios_experiments.xcdatamodeld;
			sourceTree = "<group>";
			versionGroupType = wrapper.xcdatamodel;
		};
/* End XCVersionGroup section */
	};
	rootObject = F9B20AF11D4E985D006CB81E /* Project object */;
}
